# This file is @generated by PDM.
# It is not intended for manual editing.

[metadata]
groups = ["default"]
strategy = ["inherit_metadata"]
lock_version = "4.5.0"
content_hash = "sha256:eada7869a1aefa2cb1d7716889a9990f047e1e9b01c724c8774d5c42a02ce5f5"

[[metadata.targets]]
requires_python = "==3.10.*"

[[package]]
name = "annotated-types"
version = "0.7.0"
requires_python = ">=3.8"
summary = "Reusable constraint types to use with typing.Annotated"
groups = ["default"]
dependencies = [
    "typing-extensions>=4.0.0; python_version < \"3.9\"",
]
files = [
    {file = "annotated_types-0.7.0-py3-none-any.whl", hash = "sha256:1f02e8b43a8fbbc3f3e0d4f0f4bfc8131bcb4eebe8849b8e5c773f3a1c582a53"},
    {file = "annotated_types-0.7.0.tar.gz", hash = "sha256:aff07c09a53a08bc8cfccb9c85b05f1aa9a2a6f23728d790723543408344ce89"},
]

[[package]]
name = "cosysairsim"
version = "3.3.0"
requires_python = ">=3.7"
summary = "This package contains simple Python client for Cosys-AirSim. This integrates most API functions over RPC."
groups = ["default"]
dependencies = [
    "numpy",
    "rpc-msgpack",
]
files = [
    {file = "cosysairsim-3.3.0-py3-none-any.whl", hash = "sha256:2599d3ce2a4ae50dad0440b16824a7edafbe19ff9336036b0e8fe829dfe5dd77"},
    {file = "cosysairsim-3.3.0.tar.gz", hash = "sha256:b2664a1fc439bfea077ca73eb08091f753b4560841a07783100a50b9e3a3312b"},
]

[[package]]
name = "grpcio"
version = "1.71.0"
requires_python = ">=3.9"
summary = "HTTP/2-based RPC framework"
groups = ["default"]
files = [
    {file = "grpcio-1.71.0-cp310-cp310-linux_armv7l.whl", hash = "sha256:c200cb6f2393468142eb50ab19613229dcc7829b5ccee8b658a36005f6669fdd"},
    {file = "grpcio-1.71.0-cp310-cp310-macosx_12_0_universal2.whl", hash = "sha256:b2266862c5ad664a380fbbcdbdb8289d71464c42a8c29053820ee78ba0119e5d"},
    {file = "grpcio-1.71.0-cp310-cp310-manylinux_2_17_aarch64.whl", hash = "sha256:0ab8b2864396663a5b0b0d6d79495657ae85fa37dcb6498a2669d067c65c11ea"},
    {file = "grpcio-1.71.0-cp310-cp310-manylinux_2_17_i686.manylinux2014_i686.whl", hash = "sha256:c30f393f9d5ff00a71bb56de4aa75b8fe91b161aeb61d39528db6b768d7eac69"},
    {file = "grpcio-1.71.0-cp310-cp310-manylinux_2_17_x86_64.manylinux2014_x86_64.whl", hash = "sha256:f250ff44843d9a0615e350c77f890082102a0318d66a99540f54769c8766ab73"},
    {file = "grpcio-1.71.0-cp310-cp310-musllinux_1_1_aarch64.whl", hash = "sha256:e6d8de076528f7c43a2f576bc311799f89d795aa6c9b637377cc2b1616473804"},
    {file = "grpcio-1.71.0-cp310-cp310-musllinux_1_1_i686.whl", hash = "sha256:9b91879d6da1605811ebc60d21ab6a7e4bae6c35f6b63a061d61eb818c8168f6"},
    {file = "grpcio-1.71.0-cp310-cp310-musllinux_1_1_x86_64.whl", hash = "sha256:f71574afdf944e6652203cd1badcda195b2a27d9c83e6d88dc1ce3cfb73b31a5"},
    {file = "grpcio-1.71.0-cp310-cp310-win32.whl", hash = "sha256:8997d6785e93308f277884ee6899ba63baafa0dfb4729748200fcc537858a509"},
    {file = "grpcio-1.71.0-cp310-cp310-win_amd64.whl", hash = "sha256:7d6ac9481d9d0d129224f6d5934d5832c4b1cddb96b59e7eba8416868909786a"},
    {file = "grpcio-1.71.0.tar.gz", hash = "sha256:2b85f7820475ad3edec209d3d89a7909ada16caab05d3f2e08a7e8ae3200a55c"},
]

[[package]]
name = "mavsdk"
version = "3.0.1"
requires_python = ">=3.7"
summary = "Python wrapper for MAVSDK"
groups = ["default"]
dependencies = [
    "grpcio>=1.64.1",
    "protobuf>=5.27.1",
]
files = [
    {file = "mavsdk-3.0.1-py3-none-linux_armv6l.whl", hash = "sha256:00f3e1da4c9fc8ac2c0fbe0227a5c1d082bfb107789943cf533b423502bd5519"},
    {file = "mavsdk-3.0.1-py3-none-linux_armv7l.whl", hash = "sha256:8caff9ddadec4738beca2424f30187a6055290d2eed2857da3d4362cfd5441a6"},
    {file = "mavsdk-3.0.1-py3-none-macosx_10_9_x86_64.whl", hash = "sha256:ff5e53a0586561038c8a0d858487d6396584516cf88466258b5e6e007b026383"},
    {file = "mavsdk-3.0.1-py3-none-macosx_11_0_arm64.whl", hash = "sha256:56c63ddbe5bd22bf32b76d9f051cc2077cfa63bb83ef22460e5246f152b2f97a"},
    {file = "mavsdk-3.0.1-py3-none-manylinux2014_aarch64.whl", hash = "sha256:dcdc361f28a2e0c299ed22c14209fca7c6d3ed57561ad9345233722ba95e42da"},
    {file = "mavsdk-3.0.1-py3-none-manylinux_2_5_x86_64.manylinux1_x86_64.manylinux_2_17_x86_64.manylinux2014_x86_64.whl", hash = "sha256:57dafbbb0f842eda068309b00f4d80dd009c0fac71eefcae5e5a7cec8d501246"},
    {file = "mavsdk-3.0.1-py3-none-win32.whl", hash = "sha256:b5a337ca1736d5e9c473f70cb2fe9fc58bacc639db1a37e2681924833aee206d"},
    {file = "mavsdk-3.0.1-py3-none-win_amd64.whl", hash = "sha256:a56cbea77ba4a36449fd86fcb594f613c9ffe7241be13d6ebb0e5f022a3eefe1"},
]

[[package]]
name = "msgpack"
version = "1.1.0"
requires_python = ">=3.8"
summary = "MessagePack serializer"
groups = ["default"]
files = [
    {file = "msgpack-1.1.0-cp310-cp310-macosx_10_9_universal2.whl", hash = "sha256:7ad442d527a7e358a469faf43fda45aaf4ac3249c8310a82f0ccff9164e5dccd"},
    {file = "msgpack-1.1.0-cp310-cp310-macosx_10_9_x86_64.whl", hash = "sha256:74bed8f63f8f14d75eec75cf3d04ad581da6b914001b474a5d3cd3372c8cc27d"},
    {file = "msgpack-1.1.0-cp310-cp310-macosx_11_0_arm64.whl", hash = "sha256:914571a2a5b4e7606997e169f64ce53a8b1e06f2cf2c3a7273aa106236d43dd5"},
    {file = "msgpack-1.1.0-cp310-cp310-manylinux_2_17_aarch64.manylinux2014_aarch64.whl", hash = "sha256:c921af52214dcbb75e6bdf6a661b23c3e6417f00c603dd2070bccb5c3ef499f5"},
    {file = "msgpack-1.1.0-cp310-cp310-manylinux_2_17_x86_64.manylinux2014_x86_64.whl", hash = "sha256:d8ce0b22b890be5d252de90d0e0d119f363012027cf256185fc3d474c44b1b9e"},
    {file = "msgpack-1.1.0-cp310-cp310-manylinux_2_5_i686.manylinux1_i686.manylinux_2_17_i686.manylinux2014_i686.whl", hash = "sha256:73322a6cc57fcee3c0c57c4463d828e9428275fb85a27aa2aa1a92fdc42afd7b"},
    {file = "msgpack-1.1.0-cp310-cp310-musllinux_1_2_aarch64.whl", hash = "sha256:e1f3c3d21f7cf67bcf2da8e494d30a75e4cf60041d98b3f79875afb5b96f3a3f"},
    {file = "msgpack-1.1.0-cp310-cp310-musllinux_1_2_i686.whl", hash = "sha256:64fc9068d701233effd61b19efb1485587560b66fe57b3e50d29c5d78e7fef68"},
    {file = "msgpack-1.1.0-cp310-cp310-musllinux_1_2_x86_64.whl", hash = "sha256:42f754515e0f683f9c79210a5d1cad631ec3d06cea5172214d2176a42e67e19b"},
    {file = "msgpack-1.1.0-cp310-cp310-win32.whl", hash = "sha256:3df7e6b05571b3814361e8464f9304c42d2196808e0119f55d0d3e62cd5ea044"},
    {file = "msgpack-1.1.0-cp310-cp310-win_amd64.whl", hash = "sha256:685ec345eefc757a7c8af44a3032734a739f8c45d1b0ac45efc5d8977aa4720f"},
    {file = "msgpack-1.1.0.tar.gz", hash = "sha256:dd432ccc2c72b914e4cb77afce64aab761c1137cc698be3984eee260bcb2896e"},
]

[[package]]
name = "numpy"
version = "2.2.5"
requires_python = ">=3.10"
summary = "Fundamental package for array computing in Python"
groups = ["default"]
files = [
    {file = "numpy-2.2.5-cp310-cp310-macosx_10_9_x86_64.whl", hash = "sha256:1f4a922da1729f4c40932b2af4fe84909c7a6e167e6e99f71838ce3a29f3fe26"},
    {file = "numpy-2.2.5-cp310-cp310-macosx_11_0_arm64.whl", hash = "sha256:b6f91524d31b34f4a5fee24f5bc16dcd1491b668798b6d85585d836c1e633a6a"},
    {file = "numpy-2.2.5-cp310-cp310-macosx_14_0_arm64.whl", hash = "sha256:19f4718c9012e3baea91a7dba661dcab2451cda2550678dc30d53acb91a7290f"},
    {file = "numpy-2.2.5-cp310-cp310-macosx_14_0_x86_64.whl", hash = "sha256:eb7fd5b184e5d277afa9ec0ad5e4eb562ecff541e7f60e69ee69c8d59e9aeaba"},
    {file = "numpy-2.2.5-cp310-cp310-manylinux_2_17_aarch64.manylinux2014_aarch64.whl", hash = "sha256:6413d48a9be53e183eb06495d8e3b006ef8f87c324af68241bbe7a39e8ff54c3"},
    {file = "numpy-2.2.5-cp310-cp310-manylinux_2_17_x86_64.manylinux2014_x86_64.whl", hash = "sha256:7451f92eddf8503c9b8aa4fe6aa7e87fd51a29c2cfc5f7dbd72efde6c65acf57"},
    {file = "numpy-2.2.5-cp310-cp310-musllinux_1_2_aarch64.whl", hash = "sha256:0bcb1d057b7571334139129b7f941588f69ce7c4ed15a9d6162b2ea54ded700c"},
    {file = "numpy-2.2.5-cp310-cp310-musllinux_1_2_x86_64.whl", hash = "sha256:36ab5b23915887543441efd0417e6a3baa08634308894316f446027611b53bf1"},
    {file = "numpy-2.2.5-cp310-cp310-win32.whl", hash = "sha256:422cc684f17bc963da5f59a31530b3936f57c95a29743056ef7a7903a5dbdf88"},
    {file = "numpy-2.2.5-cp310-cp310-win_amd64.whl", hash = "sha256:e4f0b035d9d0ed519c813ee23e0a733db81ec37d2e9503afbb6e54ccfdee0fa7"},
    {file = "numpy-2.2.5-pp310-pypy310_pp73-macosx_10_15_x86_64.whl", hash = "sha256:b4ea7e1cff6784e58fe281ce7e7f05036b3e1c89c6f922a6bfbc0a7e8768adbe"},
    {file = "numpy-2.2.5-pp310-pypy310_pp73-macosx_14_0_x86_64.whl", hash = "sha256:d7543263084a85fbc09c704b515395398d31d6395518446237eac219eab9e55e"},
    {file = "numpy-2.2.5-pp310-pypy310_pp73-manylinux_2_17_x86_64.manylinux2014_x86_64.whl", hash = "sha256:0255732338c4fdd00996c0421884ea8a3651eea555c3a56b84892b66f696eb70"},
    {file = "numpy-2.2.5-pp310-pypy310_pp73-win_amd64.whl", hash = "sha256:d2e3bdadaba0e040d1e7ab39db73e0afe2c74ae277f5614dad53eadbecbbb169"},
    {file = "numpy-2.2.5.tar.gz", hash = "sha256:a9c0d994680cd991b1cb772e8b297340085466a6fe964bc9d4e80f5e2f43c291"},
]

[[package]]
name = "opencv-contrib-python"
version = "4.11.0.86"
requires_python = ">=3.6"
summary = "Wrapper package for OpenCV python bindings."
groups = ["default"]
dependencies = [
    "numpy>=1.13.3; python_version < \"3.7\"",
    "numpy>=1.17.0; python_version >= \"3.7\"",
    "numpy>=1.17.3; python_version >= \"3.8\"",
    "numpy>=1.19.3; python_version >= \"3.6\" and platform_system == \"Linux\" and platform_machine == \"aarch64\"",
    "numpy>=1.19.3; python_version >= \"3.9\"",
    "numpy>=1.21.0; python_version <= \"3.9\" and platform_system == \"Darwin\" and platform_machine == \"arm64\"",
    "numpy>=1.21.2; python_version >= \"3.10\"",
    "numpy>=1.21.4; python_version >= \"3.10\" and platform_system == \"Darwin\"",
    "numpy>=1.23.5; python_version >= \"3.11\"",
    "numpy>=1.26.0; python_version >= \"3.12\"",
]
files = [
    {file = "opencv-contrib-python-4.11.0.86.tar.gz", hash = "sha256:4ff773dab44911da366b906621c9592d4eb96f6ad3777098933a23f064aab38e"},
    {file = "opencv_contrib_python-4.11.0.86-cp37-abi3-macosx_13_0_arm64.whl", hash = "sha256:d911cedc511d98f79994580b245d59fc97f57f0f9923a99945d8b92c7ac671f6"},
    {file = "opencv_contrib_python-4.11.0.86-cp37-abi3-macosx_13_0_x86_64.whl", hash = "sha256:e10a293af18aa5f842d012fa14e87345b3ee06db4c29bd592ff94b51f7ffca2b"},
    {file = "opencv_contrib_python-4.11.0.86-cp37-abi3-manylinux_2_17_aarch64.manylinux2014_aarch64.whl", hash = "sha256:f21034bc8b00eb286a0a0a92b99767bf596bfe426cf4bc2e79647d64ad0dd6da"},
    {file = "opencv_contrib_python-4.11.0.86-cp37-abi3-manylinux_2_17_x86_64.manylinux2014_x86_64.whl", hash = "sha256:c47c0ef1098461cdc6fa1cdce4c942b8ec974c87423f4b5951443d26bb9ae407"},
    {file = "opencv_contrib_python-4.11.0.86-cp37-abi3-win32.whl", hash = "sha256:194841c664ceaa0692410b4ed0af557425608e33db3a181ded28b87acb66748d"},
    {file = "opencv_contrib_python-4.11.0.86-cp37-abi3-win_amd64.whl", hash = "sha256:654758a9ae8ca9a75fca7b64b19163636534f0eedffe1e14c3d7218988625c8d"},
]

[[package]]
name = "protobuf"
version = "6.30.2"
requires_python = ">=3.9"
summary = ""
groups = ["default"]
files = [
    {file = "protobuf-6.30.2-cp310-abi3-win32.whl", hash = "sha256:b12ef7df7b9329886e66404bef5e9ce6a26b54069d7f7436a0853ccdeb91c103"},
    {file = "protobuf-6.30.2-cp310-abi3-win_amd64.whl", hash = "sha256:7653c99774f73fe6b9301b87da52af0e69783a2e371e8b599b3e9cb4da4b12b9"},
    {file = "protobuf-6.30.2-cp39-abi3-macosx_10_9_universal2.whl", hash = "sha256:0eb523c550a66a09a0c20f86dd554afbf4d32b02af34ae53d93268c1f73bc65b"},
    {file = "protobuf-6.30.2-cp39-abi3-manylinux2014_aarch64.whl", hash = "sha256:50f32cc9fd9cb09c783ebc275611b4f19dfdfb68d1ee55d2f0c7fa040df96815"},
    {file = "protobuf-6.30.2-cp39-abi3-manylinux2014_x86_64.whl", hash = "sha256:4f6c687ae8efae6cf6093389a596548214467778146b7245e886f35e1485315d"},
    {file = "protobuf-6.30.2-py3-none-any.whl", hash = "sha256:ae86b030e69a98e08c77beab574cbcb9fff6d031d57209f574a5aea1445f4b51"},
    {file = "protobuf-6.30.2.tar.gz", hash = "sha256:35c859ae076d8c56054c25b59e5e59638d86545ed6e2b6efac6be0b6ea3ba048"},
]

[[package]]
name = "pydantic"
version = "2.11.4"
requires_python = ">=3.9"
summary = "Data validation using Python type hints"
groups = ["default"]
dependencies = [
    "annotated-types>=0.6.0",
    "pydantic-core==2.33.2",
    "typing-extensions>=4.12.2",
    "typing-inspection>=0.4.0",
]
files = [
    {file = "pydantic-2.11.4-py3-none-any.whl", hash = "sha256:d9615eaa9ac5a063471da949c8fc16376a84afb5024688b3ff885693506764eb"},
    {file = "pydantic-2.11.4.tar.gz", hash = "sha256:32738d19d63a226a52eed76645a98ee07c1f410ee41d93b4afbfa85ed8111c2d"},
]

[[package]]
name = "pydantic-core"
version = "2.33.2"
requires_python = ">=3.9"
summary = "Core functionality for Pydantic validation and serialization"
groups = ["default"]
dependencies = [
    "typing-extensions!=4.7.0,>=4.6.0",
]
files = [
    {file = "pydantic_core-2.33.2-cp310-cp310-macosx_10_12_x86_64.whl", hash = "sha256:2b3d326aaef0c0399d9afffeb6367d5e26ddc24d351dbc9c636840ac355dc5d8"},
    {file = "pydantic_core-2.33.2-cp310-cp310-macosx_11_0_arm64.whl", hash = "sha256:0e5b2671f05ba48b94cb90ce55d8bdcaaedb8ba00cc5359f6810fc918713983d"},
    {file = "pydantic_core-2.33.2-cp310-cp310-manylinux_2_17_aarch64.manylinux2014_aarch64.whl", hash = "sha256:0069c9acc3f3981b9ff4cdfaf088e98d83440a4c7ea1bc07460af3d4dc22e72d"},
    {file = "pydantic_core-2.33.2-cp310-cp310-manylinux_2_17_armv7l.manylinux2014_armv7l.whl", hash = "sha256:d53b22f2032c42eaaf025f7c40c2e3b94568ae077a606f006d206a463bc69572"},
    {file = "pydantic_core-2.33.2-cp310-cp310-manylinux_2_17_ppc64le.manylinux2014_ppc64le.whl", hash = "sha256:0405262705a123b7ce9f0b92f123334d67b70fd1f20a9372b907ce1080c7ba02"},
    {file = "pydantic_core-2.33.2-cp310-cp310-manylinux_2_17_s390x.manylinux2014_s390x.whl", hash = "sha256:4b25d91e288e2c4e0662b8038a28c6a07eaac3e196cfc4ff69de4ea3db992a1b"},
    {file = "pydantic_core-2.33.2-cp310-cp310-manylinux_2_17_x86_64.manylinux2014_x86_64.whl", hash = "sha256:6bdfe4b3789761f3bcb4b1ddf33355a71079858958e3a552f16d5af19768fef2"},
    {file = "pydantic_core-2.33.2-cp310-cp310-manylinux_2_5_i686.manylinux1_i686.whl", hash = "sha256:efec8db3266b76ef9607c2c4c419bdb06bf335ae433b80816089ea7585816f6a"},
    {file = "pydantic_core-2.33.2-cp310-cp310-musllinux_1_1_aarch64.whl", hash = "sha256:031c57d67ca86902726e0fae2214ce6770bbe2f710dc33063187a68744a5ecac"},
    {file = "pydantic_core-2.33.2-cp310-cp310-musllinux_1_1_armv7l.whl", hash = "sha256:f8de619080e944347f5f20de29a975c2d815d9ddd8be9b9b7268e2e3ef68605a"},
    {file = "pydantic_core-2.33.2-cp310-cp310-musllinux_1_1_x86_64.whl", hash = "sha256:73662edf539e72a9440129f231ed3757faab89630d291b784ca99237fb94db2b"},
    {file = "pydantic_core-2.33.2-cp310-cp310-win32.whl", hash = "sha256:0a39979dcbb70998b0e505fb1556a1d550a0781463ce84ebf915ba293ccb7e22"},
    {file = "pydantic_core-2.33.2-cp310-cp310-win_amd64.whl", hash = "sha256:b0379a2b24882fef529ec3b4987cb5d003b9cda32256024e6fe1586ac45fc640"},
    {file = "pydantic_core-2.33.2-pp310-pypy310_pp73-macosx_10_12_x86_64.whl", hash = "sha256:5c4aa4e82353f65e548c476b37e64189783aa5384903bfea4f41580f255fddfa"},
    {file = "pydantic_core-2.33.2-pp310-pypy310_pp73-macosx_11_0_arm64.whl", hash = "sha256:d946c8bf0d5c24bf4fe333af284c59a19358aa3ec18cb3dc4370080da1e8ad29"},
    {file = "pydantic_core-2.33.2-pp310-pypy310_pp73-manylinux_2_17_aarch64.manylinux2014_aarch64.whl", hash = "sha256:87b31b6846e361ef83fedb187bb5b4372d0da3f7e28d85415efa92d6125d6e6d"},
    {file = "pydantic_core-2.33.2-pp310-pypy310_pp73-manylinux_2_17_x86_64.manylinux2014_x86_64.whl", hash = "sha256:aa9d91b338f2df0508606f7009fde642391425189bba6d8c653afd80fd6bb64e"},
    {file = "pydantic_core-2.33.2-pp310-pypy310_pp73-manylinux_2_5_i686.manylinux1_i686.whl", hash = "sha256:2058a32994f1fde4ca0480ab9d1e75a0e8c87c22b53a3ae66554f9af78f2fe8c"},
    {file = "pydantic_core-2.33.2-pp310-pypy310_pp73-musllinux_1_1_aarch64.whl", hash = "sha256:0e03262ab796d986f978f79c943fc5f620381be7287148b8010b4097f79a39ec"},
    {file = "pydantic_core-2.33.2-pp310-pypy310_pp73-musllinux_1_1_armv7l.whl", hash = "sha256:1a8695a8d00c73e50bff9dfda4d540b7dee29ff9b8053e38380426a85ef10052"},
    {file = "pydantic_core-2.33.2-pp310-pypy310_pp73-musllinux_1_1_x86_64.whl", hash = "sha256:fa754d1850735a0b0e03bcffd9d4b4343eb417e47196e4485d9cca326073a42c"},
    {file = "pydantic_core-2.33.2-pp310-pypy310_pp73-win_amd64.whl", hash = "sha256:a11c8d26a50bfab49002947d3d237abe4d9e4b5bdc8846a63537b6488e197808"},
    {file = "pydantic_core-2.33.2.tar.gz", hash = "sha256:7cb8bc3605c29176e1b105350d2e6474142d7c1bd1d9327c4a9bdb46bf827acc"},
]

[[package]]
name = "pyyaml"
version = "6.0.2"
requires_python = ">=3.8"
summary = "YAML parser and emitter for Python"
groups = ["default"]
files = [
    {file = "PyYAML-6.0.2-cp310-cp310-macosx_10_9_x86_64.whl", hash = "sha256:0a9a2848a5b7feac301353437eb7d5957887edbf81d56e903999a75a3d743086"},
    {file = "PyYAML-6.0.2-cp310-cp310-macosx_11_0_arm64.whl", hash = "sha256:29717114e51c84ddfba879543fb232a6ed60086602313ca38cce623c1d62cfbf"},
    {file = "PyYAML-6.0.2-cp310-cp310-manylinux_2_17_aarch64.manylinux2014_aarch64.whl", hash = "sha256:8824b5a04a04a047e72eea5cec3bc266db09e35de6bdfe34c9436ac5ee27d237"},
    {file = "PyYAML-6.0.2-cp310-cp310-manylinux_2_17_s390x.manylinux2014_s390x.whl", hash = "sha256:7c36280e6fb8385e520936c3cb3b8042851904eba0e58d277dca80a5cfed590b"},
    {file = "PyYAML-6.0.2-cp310-cp310-manylinux_2_17_x86_64.manylinux2014_x86_64.whl", hash = "sha256:ec031d5d2feb36d1d1a24380e4db6d43695f3748343d99434e6f5f9156aaa2ed"},
    {file = "PyYAML-6.0.2-cp310-cp310-musllinux_1_1_aarch64.whl", hash = "sha256:936d68689298c36b53b29f23c6dbb74de12b4ac12ca6cfe0e047bedceea56180"},
    {file = "PyYAML-6.0.2-cp310-cp310-musllinux_1_1_x86_64.whl", hash = "sha256:23502f431948090f597378482b4812b0caae32c22213aecf3b55325e049a6c68"},
    {file = "PyYAML-6.0.2-cp310-cp310-win32.whl", hash = "sha256:2e99c6826ffa974fe6e27cdb5ed0021786b03fc98e5ee3c5bfe1fd5015f42b99"},
    {file = "PyYAML-6.0.2-cp310-cp310-win_amd64.whl", hash = "sha256:a4d3091415f010369ae4ed1fc6b79def9416358877534caf6a0fdd2146c87a3e"},
    {file = "pyyaml-6.0.2.tar.gz", hash = "sha256:d584d9ec91ad65861cc08d42e834324ef890a082e591037abe114850ff7bbc3e"},
]

[[package]]
name = "rpc-msgpack"
version = "0.6"
summary = "RPC with MessagePack"
groups = ["default"]
dependencies = [
    "msgpack>=1.0.0",
    "tornado>=6.1",
]
files = [
    {file = "rpc-msgpack-0.6.tar.gz", hash = "sha256:d5c72e88b434edab81bb554ffd606e74cd22973a8b5aefdcefcd77492425b71d"},
]

[[package]]
name = "tornado"
version = "6.4.2"
requires_python = ">=3.8"
summary = "Tornado is a Python web framework and asynchronous networking library, originally developed at FriendFeed."
groups = ["default"]
files = [
    {file = "tornado-6.4.2-cp38-abi3-macosx_10_9_universal2.whl", hash = "sha256:e828cce1123e9e44ae2a50a9de3055497ab1d0aeb440c5ac23064d9e44880da1"},
    {file = "tornado-6.4.2-cp38-abi3-macosx_10_9_x86_64.whl", hash = "sha256:072ce12ada169c5b00b7d92a99ba089447ccc993ea2143c9ede887e0937aa803"},
    {file = "tornado-6.4.2-cp38-abi3-manylinux_2_17_aarch64.manylinux2014_aarch64.whl", hash = "sha256:1a017d239bd1bb0919f72af256a970624241f070496635784d9bf0db640d3fec"},
    {file = "tornado-6.4.2-cp38-abi3-manylinux_2_5_i686.manylinux1_i686.manylinux_2_17_i686.manylinux2014_i686.whl", hash = "sha256:c36e62ce8f63409301537222faffcef7dfc5284f27eec227389f2ad11b09d946"},
    {file = "tornado-6.4.2-cp38-abi3-manylinux_2_5_x86_64.manylinux1_x86_64.manylinux_2_17_x86_64.manylinux2014_x86_64.whl", hash = "sha256:bca9eb02196e789c9cb5c3c7c0f04fb447dc2adffd95265b2c7223a8a615ccbf"},
    {file = "tornado-6.4.2-cp38-abi3-musllinux_1_2_aarch64.whl", hash = "sha256:304463bd0772442ff4d0f5149c6f1c2135a1fae045adf070821c6cdc76980634"},
    {file = "tornado-6.4.2-cp38-abi3-musllinux_1_2_i686.whl", hash = "sha256:c82c46813ba483a385ab2a99caeaedf92585a1f90defb5693351fa7e4ea0bf73"},
    {file = "tornado-6.4.2-cp38-abi3-musllinux_1_2_x86_64.whl", hash = "sha256:932d195ca9015956fa502c6b56af9eb06106140d844a335590c1ec7f5277d10c"},
    {file = "tornado-6.4.2-cp38-abi3-win32.whl", hash = "sha256:2876cef82e6c5978fde1e0d5b1f919d756968d5b4282418f3146b79b58556482"},
    {file = "tornado-6.4.2-cp38-abi3-win_amd64.whl", hash = "sha256:908b71bf3ff37d81073356a5fadcc660eb10c1476ee6e2725588626ce7e5ca38"},
    {file = "tornado-6.4.2.tar.gz", hash = "sha256:92bad5b4746e9879fd7bf1eb21dce4e3fc5128d71601f80005afa39237ad620b"},
]

[[package]]
name = "typing-extensions"
version = "4.13.2"
requires_python = ">=3.8"
summary = "Backported and Experimental Type Hints for Python 3.8+"
groups = ["default"]
files = [
    {file = "typing_extensions-4.13.2-py3-none-any.whl", hash = "sha256:a439e7c04b49fec3e5d3e2beaa21755cadbbdc391694e28ccdd36ca4a1408f8c"},
    {file = "typing_extensions-4.13.2.tar.gz", hash = "sha256:e6c81219bd689f51865d9e372991c540bda33a0379d5573cddb9a3a23f7caaef"},
]

[[package]]
name = "typing-inspection"
version = "0.4.0"
requires_python = ">=3.9"
summary = "Runtime typing introspection tools"
groups = ["default"]
dependencies = [
    "typing-extensions>=4.12.0",
]
files = [
    {file = "typing_inspection-0.4.0-py3-none-any.whl", hash = "sha256:50e72559fcd2a6367a19f7a7e610e6afcb9fac940c650290eed893d61386832f"},
    {file = "typing_inspection-0.4.0.tar.gz", hash = "sha256:9765c87de36671694a67904bf2c96e395be9c6439bb6c87b5142569dcdd65122"},
]
